
Microsoft Visual Studio Solution File, Format Version 12.00
# Visual Studio 2012
Project("{FAE04EC0-301F-11D3-BF4B-00C04F79EFBC}") = "SpellChecker", "SpellChecker\SpellChecker.csproj", "{81E64BAF-9EFA-42B2-BCFC-799AB1DED43D}"
EndProject
Project("{FAE04EC0-301F-11D3-BF4B-00C04F79EFBC}") = "SpellChecker.Test", "SpellChecker.Test\SpellChecker.Test.csproj", "{F9FCC9B7-7259-4561-ABD0-4ACCB4C59B99}"
EndProject
Global
	GlobalSection(SolutionConfigurationPlatforms) = preSolution
		Debug|Any CPU = Debug|Any CPU
		Release|Any CPU = Release|Any CPU
	EndGlobalSection
	GlobalSection(ProjectConfigurationPlatforms) = postSolution
		{81E64BAF-9EFA-42B2-BCFC-799AB1DED43D}.Debug|Any CPU.ActiveCfg = Debug|Any CPU
		{81E64BAF-9EFA-42B2-BCFC-799AB1DED43D}.Debug|Any CPU.Build.0 = Debug|Any CPU
		{81E64BAF-9EFA-42B2-BCFC-799AB1DED43D}.Release|Any CPU.ActiveCfg = Release|Any CPU
		{81E64BAF-9EFA-42B2-BCFC-799AB1DED43D}.Release|Any CPU.Build.0 = Release|Any CPU
		{F9FCC9B7-7259-4561-ABD0-4ACCB4C59B99}.Debug|Any CPU.ActiveCfg = Debug|Any CPU
		{F9FCC9B7-7259-4561-ABD0-4ACCB4C59B99}.Debug|Any CPU.Build.0 = Debug|Any CPU
		{F9FCC9B7-7259-4561-ABD0-4ACCB4C59B99}.Release|Any CPU.ActiveCfg = Release|Any CPU
		{F9FCC9B7-7259-4561-ABD0-4ACCB4C59B99}.Release|Any CPU.Build.0 = Release|Any CPU
	EndGlobalSection
	GlobalSection(SolutionProperties) = preSolution
		HideSolutionNode = FALSE
	EndGlobalSection
EndGlobal
